
Microsoft Visual Studio Solution File, Format Version 12.00
# Visual Studio Version 17
VisualStudioVersion = 17.5.2.0
MinimumVisualStudioVersion = 10.0.40219.1
Project("{FAE04EC0-301F-11D3-BF4B-00C04F79EFBC}") = "minimal-api", "Api\minimal-api.csproj", "{56229A69-2304-B6A4-8899-D751540EB7D8}"
EndProject
Project("{FAE04EC0-301F-11D3-BF4B-00C04F79EFBC}") = "test", "test\test.csproj", "{23EEF790-16AB-4454-AA6D-B21605A8799B}"
EndProject
Global
	GlobalSection(SolutionConfigurationPlatforms) = preSolution
		Debug|Any CPU = Debug|Any CPU
		Debug|x64 = Debug|x64
		Debug|x86 = Debug|x86
		Release|Any CPU = Release|Any CPU
		Release|x64 = Release|x64
		Release|x86 = Release|x86
	EndGlobalSection
	GlobalSection(ProjectConfigurationPlatforms) = postSolution
		{56229A69-2304-B6A4-8899-D751540EB7D8}.Debug|Any CPU.ActiveCfg = Debug|Any CPU
		{56229A69-2304-B6A4-8899-D751540EB7D8}.Debug|Any CPU.Build.0 = Debug|Any CPU
		{56229A69-2304-B6A4-8899-D751540EB7D8}.Debug|x64.ActiveCfg = Debug|Any CPU
		{56229A69-2304-B6A4-8899-D751540EB7D8}.Debug|x64.Build.0 = Debug|Any CPU
		{56229A69-2304-B6A4-8899-D751540EB7D8}.Debug|x86.ActiveCfg = Debug|Any CPU
		{56229A69-2304-B6A4-8899-D751540EB7D8}.Debug|x86.Build.0 = Debug|Any CPU
		{56229A69-2304-B6A4-8899-D751540EB7D8}.Release|Any CPU.ActiveCfg = Release|Any CPU
		{56229A69-2304-B6A4-8899-D751540EB7D8}.Release|Any CPU.Build.0 = Release|Any CPU
		{56229A69-2304-B6A4-8899-D751540EB7D8}.Release|x64.ActiveCfg = Release|Any CPU
		{56229A69-2304-B6A4-8899-D751540EB7D8}.Release|x64.Build.0 = Release|Any CPU
		{56229A69-2304-B6A4-8899-D751540EB7D8}.Release|x86.ActiveCfg = Release|Any CPU
		{56229A69-2304-B6A4-8899-D751540EB7D8}.Release|x86.Build.0 = Release|Any CPU
		{23EEF790-16AB-4454-AA6D-B21605A8799B}.Debug|Any CPU.ActiveCfg = Debug|Any CPU
		{23EEF790-16AB-4454-AA6D-B21605A8799B}.Debug|Any CPU.Build.0 = Debug|Any CPU
		{23EEF790-16AB-4454-AA6D-B21605A8799B}.Debug|x64.ActiveCfg = Debug|Any CPU
		{23EEF790-16AB-4454-AA6D-B21605A8799B}.Debug|x64.Build.0 = Debug|Any CPU
		{23EEF790-16AB-4454-AA6D-B21605A8799B}.Debug|x86.ActiveCfg = Debug|Any CPU
		{23EEF790-16AB-4454-AA6D-B21605A8799B}.Debug|x86.Build.0 = Debug|Any CPU
		{23EEF790-16AB-4454-AA6D-B21605A8799B}.Release|Any CPU.ActiveCfg = Release|Any CPU
		{23EEF790-16AB-4454-AA6D-B21605A8799B}.Release|Any CPU.Build.0 = Release|Any CPU
		{23EEF790-16AB-4454-AA6D-B21605A8799B}.Release|x64.ActiveCfg = Release|Any CPU
		{23EEF790-16AB-4454-AA6D-B21605A8799B}.Release|x64.Build.0 = Release|Any CPU
		{23EEF790-16AB-4454-AA6D-B21605A8799B}.Release|x86.ActiveCfg = Release|Any CPU
		{23EEF790-16AB-4454-AA6D-B21605A8799B}.Release|x86.Build.0 = Release|Any CPU
	EndGlobalSection
	GlobalSection(SolutionProperties) = preSolution
		HideSolutionNode = FALSE
	EndGlobalSection
	GlobalSection(ExtensibilityGlobals) = postSolution
		SolutionGuid = {90A5FD8E-0D8F-421E-A6B2-27FBBDEDC42B}
	EndGlobalSection
EndGlobal
